
Microsoft Visual Studio Solution File, Format Version 12.00
# Visual Studio Version 16
VisualStudioVersion = 16.0.31410.357
MinimumVisualStudioVersion = 10.0.40219.1
Project("{FAE04EC0-301F-11D3-BF4B-00C04F79EFBC}") = "PetFy", "PetFy\PetFy.csproj", "{B9570724-AC8D-4722-8CF9-B45824F8FA1F}"
EndProject
Global
	GlobalSection(SolutionConfigurationPlatforms) = preSolution
		Debug|Any CPU = Debug|Any CPU
		Release|Any CPU = Release|Any CPU
	EndGlobalSection
	GlobalSection(ProjectConfigurationPlatforms) = postSolution
		{B9570724-AC8D-4722-8CF9-B45824F8FA1F}.Debug|Any CPU.ActiveCfg = Debug|Any CPU
		{B9570724-AC8D-4722-8CF9-B45824F8FA1F}.Debug|Any CPU.Build.0 = Debug|Any CPU
		{B9570724-AC8D-4722-8CF9-B45824F8FA1F}.Release|Any CPU.ActiveCfg = Release|Any CPU
		{B9570724-AC8D-4722-8CF9-B45824F8FA1F}.Release|Any CPU.Build.0 = Release|Any CPU
	EndGlobalSection
	GlobalSection(SolutionProperties) = preSolution
		HideSolutionNode = FALSE
	EndGlobalSection
	GlobalSection(ExtensibilityGlobals) = postSolution
		SolutionGuid = {3B2DF35F-58B6-4946-90F7-27F8B22EF3D8}
	EndGlobalSection
EndGlobal
